
Microsoft Visual Studio Solution File, Format Version 12.00
# Visual Studio Version 16
VisualStudioVersion = 16.0.30204.135
MinimumVisualStudioVersion = 10.0.40219.1
Project("{FAE04EC0-301F-11D3-BF4B-00C04F79EFBC}") = "Client", "Client\Client.csproj", "{C603213E-3DB0-4A10-8920-6975EB959D32}"
EndProject
Project("{FAE04EC0-301F-11D3-BF4B-00C04F79EFBC}") = "Middleware", "Middleware\Middleware.csproj", "{31E235A4-842F-485A-987C-6EF4B0B97025}"
EndProject
Project("{FAE04EC0-301F-11D3-BF4B-00C04F79EFBC}") = "Models", "Models\Models.csproj", "{A63268D1-E39D-4835-AFAE-7050ECB70B3C}"
EndProject
Global
	GlobalSection(SolutionConfigurationPlatforms) = preSolution
		Debug|Any CPU = Debug|Any CPU
		Release|Any CPU = Release|Any CPU
	EndGlobalSection
	GlobalSection(ProjectConfigurationPlatforms) = postSolution
		{C603213E-3DB0-4A10-8920-6975EB959D32}.Debug|Any CPU.ActiveCfg = Debug|Any CPU
		{C603213E-3DB0-4A10-8920-6975EB959D32}.Debug|Any CPU.Build.0 = Debug|Any CPU
		{C603213E-3DB0-4A10-8920-6975EB959D32}.Release|Any CPU.ActiveCfg = Release|Any CPU
		{C603213E-3DB0-4A10-8920-6975EB959D32}.Release|Any CPU.Build.0 = Release|Any CPU
		{31E235A4-842F-485A-987C-6EF4B0B97025}.Debug|Any CPU.ActiveCfg = Debug|Any CPU
		{31E235A4-842F-485A-987C-6EF4B0B97025}.Debug|Any CPU.Build.0 = Debug|Any CPU
		{31E235A4-842F-485A-987C-6EF4B0B97025}.Release|Any CPU.ActiveCfg = Release|Any CPU
		{31E235A4-842F-485A-987C-6EF4B0B97025}.Release|Any CPU.Build.0 = Release|Any CPU
		{A63268D1-E39D-4835-AFAE-7050ECB70B3C}.Debug|Any CPU.ActiveCfg = Debug|Any CPU
		{A63268D1-E39D-4835-AFAE-7050ECB70B3C}.Debug|Any CPU.Build.0 = Debug|Any CPU
		{A63268D1-E39D-4835-AFAE-7050ECB70B3C}.Release|Any CPU.ActiveCfg = Release|Any CPU
		{A63268D1-E39D-4835-AFAE-7050ECB70B3C}.Release|Any CPU.Build.0 = Release|Any CPU
	EndGlobalSection
	GlobalSection(SolutionProperties) = preSolution
		HideSolutionNode = FALSE
	EndGlobalSection
	GlobalSection(ExtensibilityGlobals) = postSolution
		SolutionGuid = {424A2DF2-7EAE-4DDF-AD0B-D7204DEE6734}
	EndGlobalSection
EndGlobal
